
Microsoft Visual Studio Solution File, Format Version 12.00
# Visual Studio Version 17
VisualStudioVersion = 17.1.32407.343
MinimumVisualStudioVersion = 10.0.40219.1
Project("{8BC9CEB8-8B4A-11D0-8D11-00A0C91BC942}") = "Laika", "Laika\Laika.vcxproj", "{6C8DD8FE-E960-43B4-B757-EFFA9FE6BB00}"
	ProjectSection(ProjectDependencies) = postProject
		{6365D58B-DF8C-46B2-A93D-78D988A34FE8} = {6365D58B-DF8C-46B2-A93D-78D988A34FE8}
	EndProjectSection
EndProject
Project("{FAE04EC0-301F-11D3-BF4B-00C04F79EFBC}") = "Server", "Server\Server.csproj", "{ECBAF9B2-2988-480B-973E-50A6BDC7016E}"
EndProject
Project("{8BC9CEB8-8B4A-11D0-8D11-00A0C91BC942}") = "pasm", "pasm\msvc\pasm.vcxproj", "{6365D58B-DF8C-46B2-A93D-78D988A34FE8}"
	ProjectSection(ProjectDependencies) = postProject
		{ECBAF9B2-2988-480B-973E-50A6BDC7016E} = {ECBAF9B2-2988-480B-973E-50A6BDC7016E}
	EndProjectSection
EndProject
Global
	GlobalSection(SolutionConfigurationPlatforms) = preSolution
		Debug|Any CPU = Debug|Any CPU
		Debug|x64 = Debug|x64
		Debug|x86 = Debug|x86
		Release|Any CPU = Release|Any CPU
		Release|x64 = Release|x64
		Release|x86 = Release|x86
	EndGlobalSection
	GlobalSection(ProjectConfigurationPlatforms) = postSolution
		{6C8DD8FE-E960-43B4-B757-EFFA9FE6BB00}.Debug|Any CPU.ActiveCfg = Debug|x64
		{6C8DD8FE-E960-43B4-B757-EFFA9FE6BB00}.Debug|Any CPU.Build.0 = Debug|x64
		{6C8DD8FE-E960-43B4-B757-EFFA9FE6BB00}.Debug|x64.ActiveCfg = Debug|x64
		{6C8DD8FE-E960-43B4-B757-EFFA9FE6BB00}.Debug|x64.Build.0 = Debug|x64
		{6C8DD8FE-E960-43B4-B757-EFFA9FE6BB00}.Debug|x86.ActiveCfg = Debug|Win32
		{6C8DD8FE-E960-43B4-B757-EFFA9FE6BB00}.Debug|x86.Build.0 = Debug|Win32
		{6C8DD8FE-E960-43B4-B757-EFFA9FE6BB00}.Release|Any CPU.ActiveCfg = Release|x64
		{6C8DD8FE-E960-43B4-B757-EFFA9FE6BB00}.Release|Any CPU.Build.0 = Release|x64
		{6C8DD8FE-E960-43B4-B757-EFFA9FE6BB00}.Release|x64.ActiveCfg = Release|x64
		{6C8DD8FE-E960-43B4-B757-EFFA9FE6BB00}.Release|x64.Build.0 = Release|x64
		{6C8DD8FE-E960-43B4-B757-EFFA9FE6BB00}.Release|x86.ActiveCfg = Release|Win32
		{6C8DD8FE-E960-43B4-B757-EFFA9FE6BB00}.Release|x86.Build.0 = Release|Win32
		{ECBAF9B2-2988-480B-973E-50A6BDC7016E}.Debug|Any CPU.ActiveCfg = Debug|Any CPU
		{ECBAF9B2-2988-480B-973E-50A6BDC7016E}.Debug|Any CPU.Build.0 = Debug|Any CPU
		{ECBAF9B2-2988-480B-973E-50A6BDC7016E}.Debug|x64.ActiveCfg = Debug|Any CPU
		{ECBAF9B2-2988-480B-973E-50A6BDC7016E}.Debug|x64.Build.0 = Debug|Any CPU
		{ECBAF9B2-2988-480B-973E-50A6BDC7016E}.Debug|x86.ActiveCfg = Debug|Any CPU
		{ECBAF9B2-2988-480B-973E-50A6BDC7016E}.Debug|x86.Build.0 = Debug|Any CPU
		{ECBAF9B2-2988-480B-973E-50A6BDC7016E}.Release|Any CPU.ActiveCfg = Release|Any CPU
		{ECBAF9B2-2988-480B-973E-50A6BDC7016E}.Release|Any CPU.Build.0 = Release|Any CPU
		{ECBAF9B2-2988-480B-973E-50A6BDC7016E}.Release|x64.ActiveCfg = Release|Any CPU
		{ECBAF9B2-2988-480B-973E-50A6BDC7016E}.Release|x64.Build.0 = Release|Any CPU
		{ECBAF9B2-2988-480B-973E-50A6BDC7016E}.Release|x86.ActiveCfg = Release|Any CPU
		{ECBAF9B2-2988-480B-973E-50A6BDC7016E}.Release|x86.Build.0 = Release|Any CPU
		{6365D58B-DF8C-46B2-A93D-78D988A34FE8}.Debug|Any CPU.ActiveCfg = Debug|x64
		{6365D58B-DF8C-46B2-A93D-78D988A34FE8}.Debug|Any CPU.Build.0 = Debug|x64
		{6365D58B-DF8C-46B2-A93D-78D988A34FE8}.Debug|x64.ActiveCfg = Debug|x64
		{6365D58B-DF8C-46B2-A93D-78D988A34FE8}.Debug|x64.Build.0 = Debug|x64
		{6365D58B-DF8C-46B2-A93D-78D988A34FE8}.Debug|x86.ActiveCfg = Debug|Win32
		{6365D58B-DF8C-46B2-A93D-78D988A34FE8}.Debug|x86.Build.0 = Debug|Win32
		{6365D58B-DF8C-46B2-A93D-78D988A34FE8}.Release|Any CPU.ActiveCfg = Release|x64
		{6365D58B-DF8C-46B2-A93D-78D988A34FE8}.Release|Any CPU.Build.0 = Release|x64
		{6365D58B-DF8C-46B2-A93D-78D988A34FE8}.Release|x64.ActiveCfg = Release|x64
		{6365D58B-DF8C-46B2-A93D-78D988A34FE8}.Release|x64.Build.0 = Release|x64
		{6365D58B-DF8C-46B2-A93D-78D988A34FE8}.Release|x86.ActiveCfg = Release|Win32
		{6365D58B-DF8C-46B2-A93D-78D988A34FE8}.Release|x86.Build.0 = Release|Win32
	EndGlobalSection
	GlobalSection(SolutionProperties) = preSolution
		HideSolutionNode = FALSE
	EndGlobalSection
	GlobalSection(ExtensibilityGlobals) = postSolution
		SolutionGuid = {40DA52A8-9E2F-46BC-AA9A-205BF4863D68}
	EndGlobalSection
EndGlobal
